{
  "name": "nfc-collection",
  "lockfileVersion": 3,
  "requires": true,
  "packages": {
    "": {
      "dependencies": {
        "proj4": "^2.19.9",
        "proj4leaflet": "^1.0.2"
      }
    },
    "node_modules/mgrs": {
      "version": "1.0.0",
      "resolved": "https://artifactory.palantir.build/artifactory/api/npm/all-npm/mgrs/-/mgrs-1.0.0.tgz",
      "integrity": "sha512-awNbTOqCxK1DBGjalK3xqWIstBZgN6fxsMSiXLs9/spqWkF2pAhb2rrYCFSsr1/tT7PhcDGjZndG8SWYn0byYA=="
    },
    "node_modules/proj4": {
      "version": "2.19.9",
      "resolved": "https://artifactory.palantir.build/artifactory/api/npm/all-npm/proj4/-/proj4-2.19.9.tgz",
      "integrity": "sha512-PDJmr70F9zjXz59mCCST6uYWdnxs58MSOi1C11XXCbgF6ZEe4hLSHBcbq3wkoN2RmbI2ACmwaM5N49PQl4pf9g==",
      "dependencies": {
        "mgrs": "1.0.0",
        "wkt-parser": "^1.5.1"
      },
      "funding": {
        "url": "https://github.com/sponsors/ahocevar"
      }
    },
    "node_modules/proj4leaflet": {
      "version": "1.0.2",
      "resolved": "https://artifactory.palantir.build/artifactory/api/npm/all-npm/proj4leaflet/-/proj4leaflet-1.0.2.tgz",
      "integrity": "sha512-6GdDeUlhX/tHUiMEj80xQhlPjwrXcdfD0D5OBymY8WvxfbmZcdhNqQk7n7nFf53ue6QdP9ls9ZPjsAxnbZDTsw==",
      "dependencies": {
        "proj4": "^2.3.14"
      }
    },
    "node_modules/wkt-parser": {
      "version": "1.5.2",
      "resolved": "https://artifactory.palantir.build/artifactory/api/npm/all-npm/wkt-parser/-/wkt-parser-1.5.2.tgz",
      "integrity": "sha512-1ZUiV1FTwSiSrgWzV9KXJuOF2BVW91KY/mau04BhnmgOdroRQea7Q0s5TVqwGLm0D2tZwObd/tBYXW49sSxp3Q=="
    }
  }
}
